<?xml version="1.0" encoding="utf-8"?>
<Project ToolsVersion="4.0" xmlns="http://schemas.microsoft.com/developer/msbuild/2003">
  <ItemGroup>
    <Filter Include="Help">
      <UniqueIdentifier>{11e318db-f07c-4873-8150-bbabe0a4a5c4}</UniqueIdentifier>
    </Filter>
  </ItemGroup>
  <ItemGroup>
    <None Include="$(MSBuildThisFileDirectory)..\..\Help\blackbox.html">
      <Filter>Help</Filter>
    </None>
    <None Include="$(MSBuildThisFileDirectory)..\..\Help\bridges.html">
      <Filter>Help</Filter>
    </None>
    <None Include="$(MSBuildThisFileDirectory)..\..\Help\common.html">
      <Filter>Help</Filter>
    </None>
    <None Include="$(MSBuildThisFileDirectory)..\..\Help\cube.html">
      <Filter>Help</Filter>
    </None>
    <None Include="$(MSBuildThisFileDirectory)..\..\Help\docindex.html">
      <Filter>Help</Filter>
    </None>
    <None Include="$(MSBuildThisFileDirectory)..\..\Help\dominosa.html">
      <Filter>Help</Filter>
    </None>
    <None Include="$(MSBuildThisFileDirectory)..\..\Help\fifteen.html">
      <Filter>Help</Filter>
    </None>
    <None Include="$(MSBuildThisFileDirectory)..\..\Help\filling.html">
      <Filter>Help</Filter>
    </None>
    <None Include="$(MSBuildThisFileDirectory)..\..\Help\flip.html">
      <Filter>Help</Filter>
    </None>
    <None Include="$(MSBuildThisFileDirectory)..\..\Help\flood.html">
      <Filter>Help</Filter>
    </None>
    <None Include="$(MSBuildThisFileDirectory)..\..\Help\galaxies.html">
      <Filter>Help</Filter>
    </None>
    <None Include="$(MSBuildThisFileDirectory)..\..\Help\guess.html">
      <Filter>Help</Filter>
    </None>
    <None Include="$(MSBuildThisFileDirectory)..\..\Help\index.html">
      <Filter>Help</Filter>
    </None>
    <None Include="$(MSBuildThisFileDirectory)..\..\Help\inertia.html">
      <Filter>Help</Filter>
    </None>
    <None Include="$(MSBuildThisFileDirectory)..\..\Help\intro.html">
      <Filter>Help</Filter>
    </None>
    <None Include="$(MSBuildThisFileDirectory)..\..\Help\keen.html">
      <Filter>Help</Filter>
    </None>
    <None Include="$(MSBuildThisFileDirectory)..\..\Help\licence.html">
      <Filter>Help</Filter>
    </None>
    <None Include="$(MSBuildThisFileDirectory)..\..\Help\lightup.html">
      <Filter>Help</Filter>
    </None>
    <None Include="$(MSBuildThisFileDirectory)..\..\Help\loopy.html">
      <Filter>Help</Filter>
    </None>
    <None Include="$(MSBuildThisFileDirectory)..\..\Help\magnets.html">
      <Filter>Help</Filter>
    </None>
    <None Include="$(MSBuildThisFileDirectory)..\..\Help\map.html">
      <Filter>Help</Filter>
    </None>
    <None Include="$(MSBuildThisFileDirectory)..\..\Help\mines.html">
      <Filter>Help</Filter>
    </None>
    <None Include="$(MSBuildThisFileDirectory)..\..\Help\mosaic.html">
      <Filter>Help</Filter>
    </None>
    <None Include="$(MSBuildThisFileDirectory)..\..\Help\net.html">
      <Filter>Help</Filter>
    </None>
    <None Include="$(MSBuildThisFileDirectory)..\..\Help\netslide.html">
      <Filter>Help</Filter>
    </None>
    <None Include="$(MSBuildThisFileDirectory)..\..\Help\palisade.html">
      <Filter>Help</Filter>
    </None>
    <None Include="$(MSBuildThisFileDirectory)..\..\Help\pattern.html">
      <Filter>Help</Filter>
    </None>
    <None Include="$(MSBuildThisFileDirectory)..\..\Help\pearl.html">
      <Filter>Help</Filter>
    </None>
    <None Include="$(MSBuildThisFileDirectory)..\..\Help\pegs.html">
      <Filter>Help</Filter>
    </None>
    <None Include="$(MSBuildThisFileDirectory)..\..\Help\range.html">
      <Filter>Help</Filter>
    </None>
    <None Include="$(MSBuildThisFileDirectory)..\..\Help\rect.html">
      <Filter>Help</Filter>
    </None>
    <None Include="$(MSBuildThisFileDirectory)..\..\Help\samegame.html">
      <Filter>Help</Filter>
    </None>
    <None Include="$(MSBuildThisFileDirectory)..\..\Help\signpost.html">
      <Filter>Help</Filter>
    </None>
    <None Include="$(MSBuildThisFileDirectory)..\..\Help\singles.html">
      <Filter>Help</Filter>
    </None>
    <None Include="$(MSBuildThisFileDirectory)..\..\Help\sixteen.html">
      <Filter>Help</Filter>
    </None>
    <None Include="$(MSBuildThisFileDirectory)..\..\Help\slant.html">
      <Filter>Help</Filter>
    </None>
    <None Include="$(MSBuildThisFileDirectory)..\..\Help\solo.html">
      <Filter>Help</Filter>
    </None>
    <None Include="$(MSBuildThisFileDirectory)..\..\Help\tents.html">
      <Filter>Help</Filter>
    </None>
    <None Include="$(MSBuildThisFileDirectory)..\..\Help\towers.html">
      <Filter>Help</Filter>
    </None>
    <None Include="$(MSBuildThisFileDirectory)..\..\Help\tracks.html">
      <Filter>Help</Filter>
    </None>
    <None Include="$(MSBuildThisFileDirectory)..\..\Help\twiddle.html">
      <Filter>Help</Filter>
    </None>
    <None Include="$(MSBuildThisFileDirectory)..\..\Help\undead.html">
      <Filter>Help</Filter>
    </None>
    <None Include="$(MSBuildThisFileDirectory)..\..\Help\unequal.html">
      <Filter>Help</Filter>
    </None>
    <None Include="$(MSBuildThisFileDirectory)..\..\Help\unruly.html">
      <Filter>Help</Filter>
    </None>
    <None Include="$(MSBuildThisFileDirectory)..\..\Help\untangle.html">
      <Filter>Help</Filter>
    </None>
  </ItemGroup>
</Project>